
Microsoft Visual Studio Solution File, Format Version 12.00
# Visual Studio Version 16
VisualStudioVersion = 16.0.30114.105
MinimumVisualStudioVersion = 10.0.40219.1
Project("{2150E333-8FDC-42A3-9474-1A3956D46DE8}") = "EventBus", "EventBus", "{CA049921-9156-4088-AD2F-7BF5DD710231}"
EndProject
Project("{FAE04EC0-301F-11D3-BF4B-00C04F79EFBC}") = "EventBus", "EventBus\EventBus\EventBus.csproj", "{0250E009-2CD7-4312-9531-B82412A374C7}"
EndProject
Global
	GlobalSection(SolutionConfigurationPlatforms) = preSolution
		Debug|Any CPU = Debug|Any CPU
		Release|Any CPU = Release|Any CPU
	EndGlobalSection
	GlobalSection(SolutionProperties) = preSolution
		HideSolutionNode = FALSE
	EndGlobalSection
	GlobalSection(ProjectConfigurationPlatforms) = postSolution
		{0250E009-2CD7-4312-9531-B82412A374C7}.Debug|Any CPU.ActiveCfg = Debug|Any CPU
		{0250E009-2CD7-4312-9531-B82412A374C7}.Debug|Any CPU.Build.0 = Debug|Any CPU
		{0250E009-2CD7-4312-9531-B82412A374C7}.Release|Any CPU.ActiveCfg = Release|Any CPU
		{0250E009-2CD7-4312-9531-B82412A374C7}.Release|Any CPU.Build.0 = Release|Any CPU
	EndGlobalSection
	GlobalSection(NestedProjects) = preSolution
		{0250E009-2CD7-4312-9531-B82412A374C7} = {CA049921-9156-4088-AD2F-7BF5DD710231}
	EndGlobalSection
EndGlobal
