
Microsoft Visual Studio Solution File, Format Version 12.00
# Visual Studio Version 16
VisualStudioVersion = 16.0.30114.105
MinimumVisualStudioVersion = 10.0.40219.1
Project("{2150E333-8FDC-42A3-9474-1A3956D46DE8}") = "EventBus", "EventBus", "{CA049921-9156-4088-AD2F-7BF5DD710231}"
EndProject
Project("{FAE04EC0-301F-11D3-BF4B-00C04F79EFBC}") = "EventBus", "EventBus\EventBus\EventBus.csproj", "{0250E009-2CD7-4312-9531-B82412A374C7}"
EndProject
Project("{2150E333-8FDC-42A3-9474-1A3956D46DE8}") = "Services", "Services", "{3DDC1ED7-2797-463D-9562-C6E003844B48}"
EndProject
Project("{2150E333-8FDC-42A3-9474-1A3956D46DE8}") = "Post", "Post", "{B26F76DF-DB63-4610-9DBD-AFB7CEF93460}"
EndProject
Project("{FAE04EC0-301F-11D3-BF4B-00C04F79EFBC}") = "Post.API", "Services\Post\Post.API\Post.API.csproj", "{E84737A0-CC29-4DF9-9602-394D7A619555}"
EndProject
Project("{2150E333-8FDC-42A3-9474-1A3956D46DE8}") = "Search", "Search", "{2319ED5F-BC00-4C18-8E78-29CBAC96D6FA}"
EndProject
Project("{FAE04EC0-301F-11D3-BF4B-00C04F79EFBC}") = "Search.API", "Services\Search\Search.API\Search.API.csproj", "{6B4946C5-B1DD-4092-890C-8E56CE162905}"
EndProject
Project("{2150E333-8FDC-42A3-9474-1A3956D46DE8}") = "User", "User", "{54CB62A5-F2AC-4B8A-83A1-61441E5EC034}"
EndProject
Project("{FAE04EC0-301F-11D3-BF4B-00C04F79EFBC}") = "User.API", "Services\User\User.API\User.API.csproj", "{2191057C-D420-48A5-8F6E-6A7CB2FD874D}"
EndProject
Global
	GlobalSection(SolutionConfigurationPlatforms) = preSolution
		Debug|Any CPU = Debug|Any CPU
		Release|Any CPU = Release|Any CPU
	EndGlobalSection
	GlobalSection(SolutionProperties) = preSolution
		HideSolutionNode = FALSE
	EndGlobalSection
	GlobalSection(ProjectConfigurationPlatforms) = postSolution
		{0250E009-2CD7-4312-9531-B82412A374C7}.Debug|Any CPU.ActiveCfg = Debug|Any CPU
		{0250E009-2CD7-4312-9531-B82412A374C7}.Debug|Any CPU.Build.0 = Debug|Any CPU
		{0250E009-2CD7-4312-9531-B82412A374C7}.Release|Any CPU.ActiveCfg = Release|Any CPU
		{0250E009-2CD7-4312-9531-B82412A374C7}.Release|Any CPU.Build.0 = Release|Any CPU
		{E84737A0-CC29-4DF9-9602-394D7A619555}.Debug|Any CPU.ActiveCfg = Debug|Any CPU
		{E84737A0-CC29-4DF9-9602-394D7A619555}.Debug|Any CPU.Build.0 = Debug|Any CPU
		{E84737A0-CC29-4DF9-9602-394D7A619555}.Release|Any CPU.ActiveCfg = Release|Any CPU
		{E84737A0-CC29-4DF9-9602-394D7A619555}.Release|Any CPU.Build.0 = Release|Any CPU
		{6B4946C5-B1DD-4092-890C-8E56CE162905}.Debug|Any CPU.ActiveCfg = Debug|Any CPU
		{6B4946C5-B1DD-4092-890C-8E56CE162905}.Debug|Any CPU.Build.0 = Debug|Any CPU
		{6B4946C5-B1DD-4092-890C-8E56CE162905}.Release|Any CPU.ActiveCfg = Release|Any CPU
		{6B4946C5-B1DD-4092-890C-8E56CE162905}.Release|Any CPU.Build.0 = Release|Any CPU
		{2191057C-D420-48A5-8F6E-6A7CB2FD874D}.Debug|Any CPU.ActiveCfg = Debug|Any CPU
		{2191057C-D420-48A5-8F6E-6A7CB2FD874D}.Debug|Any CPU.Build.0 = Debug|Any CPU
		{2191057C-D420-48A5-8F6E-6A7CB2FD874D}.Release|Any CPU.ActiveCfg = Release|Any CPU
		{2191057C-D420-48A5-8F6E-6A7CB2FD874D}.Release|Any CPU.Build.0 = Release|Any CPU
	EndGlobalSection
	GlobalSection(NestedProjects) = preSolution
		{0250E009-2CD7-4312-9531-B82412A374C7} = {CA049921-9156-4088-AD2F-7BF5DD710231}
		{B26F76DF-DB63-4610-9DBD-AFB7CEF93460} = {3DDC1ED7-2797-463D-9562-C6E003844B48}
		{E84737A0-CC29-4DF9-9602-394D7A619555} = {B26F76DF-DB63-4610-9DBD-AFB7CEF93460}
		{2319ED5F-BC00-4C18-8E78-29CBAC96D6FA} = {3DDC1ED7-2797-463D-9562-C6E003844B48}
		{6B4946C5-B1DD-4092-890C-8E56CE162905} = {2319ED5F-BC00-4C18-8E78-29CBAC96D6FA}
		{54CB62A5-F2AC-4B8A-83A1-61441E5EC034} = {3DDC1ED7-2797-463D-9562-C6E003844B48}
		{2191057C-D420-48A5-8F6E-6A7CB2FD874D} = {54CB62A5-F2AC-4B8A-83A1-61441E5EC034}
	EndGlobalSection
EndGlobal
