
Microsoft Visual Studio Solution File, Format Version 12.00
# Visual Studio Version 16
VisualStudioVersion = 16.0.30114.105
MinimumVisualStudioVersion = 10.0.40219.1
Project("{2150E333-8FDC-42A3-9474-1A3956D46DE8}") = "EventBus", "EventBus", "{CA049921-9156-4088-AD2F-7BF5DD710231}"
EndProject
Project("{FAE04EC0-301F-11D3-BF4B-00C04F79EFBC}") = "EventBus", "EventBus\EventBus\EventBus.csproj", "{0250E009-2CD7-4312-9531-B82412A374C7}"
EndProject
Project("{2150E333-8FDC-42A3-9474-1A3956D46DE8}") = "Services", "Services", "{AC90C598-1628-4F1C-B420-631ACFDB9CA3}"
EndProject
Project("{2150E333-8FDC-42A3-9474-1A3956D46DE8}") = "OrderService", "OrderService", "{081B27A1-FC2E-4C79-9DF1-5C31D060A44D}"
EndProject
Project("{FAE04EC0-301F-11D3-BF4B-00C04F79EFBC}") = "OrderService.API", "Services\OrderService\OrderService.API\OrderService.API.csproj", "{FB7C0E9D-2D81-4991-A8C4-327323E314FB}"
EndProject
Project("{FAE04EC0-301F-11D3-BF4B-00C04F79EFBC}") = "OrderService.Domain", "Services\OrderService\OrderService.Domain\OrderService.Domain.csproj", "{294FA491-8EE2-450E-976B-51E655027965}"
EndProject
Project("{2150E333-8FDC-42A3-9474-1A3956D46DE8}") = "UserService", "UserService", "{13CD1116-2EF6-4FB6-8D6F-F3A2432DCE8C}"
EndProject
Project("{FAE04EC0-301F-11D3-BF4B-00C04F79EFBC}") = "UserService.API", "Services\UserService\UserService.API\UserService.API.csproj", "{0B5966CA-827E-4688-A0D6-94FD2365712F}"
EndProject
Project("{FAE04EC0-301F-11D3-BF4B-00C04F79EFBC}") = "UserService.Domain", "Services\UserService\UserService.Domain\UserService.Domain.csproj", "{75010E21-D14E-4767-9416-05B7CA998491}"
EndProject
Global
	GlobalSection(SolutionConfigurationPlatforms) = preSolution
		Debug|Any CPU = Debug|Any CPU
		Release|Any CPU = Release|Any CPU
	EndGlobalSection
	GlobalSection(SolutionProperties) = preSolution
		HideSolutionNode = FALSE
	EndGlobalSection
	GlobalSection(ProjectConfigurationPlatforms) = postSolution
		{0250E009-2CD7-4312-9531-B82412A374C7}.Debug|Any CPU.ActiveCfg = Debug|Any CPU
		{0250E009-2CD7-4312-9531-B82412A374C7}.Debug|Any CPU.Build.0 = Debug|Any CPU
		{0250E009-2CD7-4312-9531-B82412A374C7}.Release|Any CPU.ActiveCfg = Release|Any CPU
		{0250E009-2CD7-4312-9531-B82412A374C7}.Release|Any CPU.Build.0 = Release|Any CPU
		{FB7C0E9D-2D81-4991-A8C4-327323E314FB}.Debug|Any CPU.ActiveCfg = Debug|Any CPU
		{FB7C0E9D-2D81-4991-A8C4-327323E314FB}.Debug|Any CPU.Build.0 = Debug|Any CPU
		{FB7C0E9D-2D81-4991-A8C4-327323E314FB}.Release|Any CPU.ActiveCfg = Release|Any CPU
		{FB7C0E9D-2D81-4991-A8C4-327323E314FB}.Release|Any CPU.Build.0 = Release|Any CPU
		{294FA491-8EE2-450E-976B-51E655027965}.Debug|Any CPU.ActiveCfg = Debug|Any CPU
		{294FA491-8EE2-450E-976B-51E655027965}.Debug|Any CPU.Build.0 = Debug|Any CPU
		{294FA491-8EE2-450E-976B-51E655027965}.Release|Any CPU.ActiveCfg = Release|Any CPU
		{294FA491-8EE2-450E-976B-51E655027965}.Release|Any CPU.Build.0 = Release|Any CPU
		{0B5966CA-827E-4688-A0D6-94FD2365712F}.Debug|Any CPU.ActiveCfg = Debug|Any CPU
		{0B5966CA-827E-4688-A0D6-94FD2365712F}.Debug|Any CPU.Build.0 = Debug|Any CPU
		{0B5966CA-827E-4688-A0D6-94FD2365712F}.Release|Any CPU.ActiveCfg = Release|Any CPU
		{0B5966CA-827E-4688-A0D6-94FD2365712F}.Release|Any CPU.Build.0 = Release|Any CPU
		{75010E21-D14E-4767-9416-05B7CA998491}.Debug|Any CPU.ActiveCfg = Debug|Any CPU
		{75010E21-D14E-4767-9416-05B7CA998491}.Debug|Any CPU.Build.0 = Debug|Any CPU
		{75010E21-D14E-4767-9416-05B7CA998491}.Release|Any CPU.ActiveCfg = Release|Any CPU
		{75010E21-D14E-4767-9416-05B7CA998491}.Release|Any CPU.Build.0 = Release|Any CPU
	EndGlobalSection
	GlobalSection(NestedProjects) = preSolution
		{0250E009-2CD7-4312-9531-B82412A374C7} = {CA049921-9156-4088-AD2F-7BF5DD710231}
		{081B27A1-FC2E-4C79-9DF1-5C31D060A44D} = {AC90C598-1628-4F1C-B420-631ACFDB9CA3}
		{FB7C0E9D-2D81-4991-A8C4-327323E314FB} = {081B27A1-FC2E-4C79-9DF1-5C31D060A44D}
		{294FA491-8EE2-450E-976B-51E655027965} = {081B27A1-FC2E-4C79-9DF1-5C31D060A44D}
		{13CD1116-2EF6-4FB6-8D6F-F3A2432DCE8C} = {AC90C598-1628-4F1C-B420-631ACFDB9CA3}
		{0B5966CA-827E-4688-A0D6-94FD2365712F} = {13CD1116-2EF6-4FB6-8D6F-F3A2432DCE8C}
		{75010E21-D14E-4767-9416-05B7CA998491} = {13CD1116-2EF6-4FB6-8D6F-F3A2432DCE8C}
	EndGlobalSection
EndGlobal
